
Microsoft Visual Studio Solution File, Format Version 12.00
# Visual Studio 2013
VisualStudioVersion = 12.0.31101.0
MinimumVisualStudioVersion = 10.0.40219.1
Project("{FAE04EC0-301F-11D3-BF4B-00C04F79EFBC}") = "Rvn.Izr", "src\Rvn.Izr\Rvn.Izr.csproj", "{9AE005DA-0E79-4F9A-B68D-E4D6E8E23F62}"
EndProject
Project("{FAE04EC0-301F-11D3-BF4B-00C04F79EFBC}") = "Rvn.Izr.Tests", "src\Rvn.Izr.Tests\Rvn.Izr.Tests.csproj", "{1199BAF9-18AC-4B74-A4D9-09A0727A5C5D}"
EndProject
Global
	GlobalSection(SolutionConfigurationPlatforms) = preSolution
		Debug|Any CPU = Debug|Any CPU
		Release|Any CPU = Release|Any CPU
	EndGlobalSection
	GlobalSection(ProjectConfigurationPlatforms) = postSolution
		{9AE005DA-0E79-4F9A-B68D-E4D6E8E23F62}.Debug|Any CPU.ActiveCfg = Debug|Any CPU
		{9AE005DA-0E79-4F9A-B68D-E4D6E8E23F62}.Debug|Any CPU.Build.0 = Debug|Any CPU
		{9AE005DA-0E79-4F9A-B68D-E4D6E8E23F62}.Release|Any CPU.ActiveCfg = Release|Any CPU
		{9AE005DA-0E79-4F9A-B68D-E4D6E8E23F62}.Release|Any CPU.Build.0 = Release|Any CPU
		{1199BAF9-18AC-4B74-A4D9-09A0727A5C5D}.Debug|Any CPU.ActiveCfg = Debug|Any CPU
		{1199BAF9-18AC-4B74-A4D9-09A0727A5C5D}.Debug|Any CPU.Build.0 = Debug|Any CPU
		{1199BAF9-18AC-4B74-A4D9-09A0727A5C5D}.Release|Any CPU.ActiveCfg = Release|Any CPU
		{1199BAF9-18AC-4B74-A4D9-09A0727A5C5D}.Release|Any CPU.Build.0 = Release|Any CPU
	EndGlobalSection
	GlobalSection(SolutionProperties) = preSolution
		HideSolutionNode = FALSE
	EndGlobalSection
EndGlobal
